PODS:
  - Flutter (1.0.0)
  - flutter_aes_ecb_pkcs5 (0.0.1):
    - Flutter
  - flutter_qr_scan (0.0.1):
    - Flutter
  - flutter_webview_plugin (0.0.1):
    - Flutter
  - image_picker (0.0.1):
    - Flutter
  - path_provider (0.0.1):
    - Flutter
  - "permission_handler (4.4.0+hotfix.4)":
    - Flutter
  - shared_preferences (0.0.1):
    - Flutter
  - url_launcher (0.0.1):
    - Flutter
  - webview_flutter (0.0.1):
    - Flutter

DEPENDENCIES:
  - Flutter (from `Flutter`)
  - flutter_aes_ecb_pkcs5 (from `.symlinks/plugins/flutter_aes_ecb_pkcs5/ios`)
  - flutter_qr_scan (from `.symlinks/plugins/flutter_qr_scan/ios`)
  - flutter_webview_plugin (from `.symlinks/plugins/flutter_webview_plugin/ios`)
  - image_picker (from `.symlinks/plugins/image_picker/ios`)
  - path_provider (from `.symlinks/plugins/path_provider/ios`)
  - permission_handler (from `.symlinks/plugins/permission_handler/ios`)
  - shared_preferences (from `.symlinks/plugins/shared_preferences/ios`)
  - url_launcher (from `.symlinks/plugins/url_launcher/ios`)
  - webview_flutter (from `.symlinks/plugins/webview_flutter/ios`)

EXTERNAL SOURCES:
  Flutter:
    :path: Flutter
  flutter_aes_ecb_pkcs5:
    :path: ".symlinks/plugins/flutter_aes_ecb_pkcs5/ios"
  flutter_qr_scan:
    :path: ".symlinks/plugins/flutter_qr_scan/ios"
  flutter_webview_plugin:
    :path: ".symlinks/plugins/flutter_webview_plugin/ios"
  image_picker:
    :path: ".symlinks/plugins/image_picker/ios"
  path_provider:
    :path: ".symlinks/plugins/path_provider/ios"
  permission_handler:
    :path: ".symlinks/plugins/permission_handler/ios"
  shared_preferences:
    :path: ".symlinks/plugins/shared_preferences/ios"
  url_launcher:
    :path: ".symlinks/plugins/url_launcher/ios"
  webview_flutter:
    :path: ".symlinks/plugins/webview_flutter/ios"

SPEC CHECKSUMS:
  Flutter: 0e3d915762c693b495b44d77113d4970485de6ec
  flutter_aes_ecb_pkcs5: fb682a7bb13f29cfbb33f88f7e1ed2211eacf5db
  flutter_qr_scan: f7c8c497584bbf395efd56ffcc3a60d27ec9de82
  flutter_webview_plugin: ed9e8a6a96baf0c867e90e1bce2673913eeac694
  image_picker: 9c3312491f862b28d21ecd8fdf0ee14e601b3f09
  path_provider: abfe2b5c733d04e238b0d8691db0cfd63a27a93c
  permission_handler: 8278954f2382902f63f00dd8828769c0bd6d511b
  shared_preferences: af6bfa751691cdc24be3045c43ec037377ada40d
  url_launcher: 6fef411d543ceb26efce54b05a0a40bfd74cbbef
  webview_flutter: d2b4d6c66968ad042ad94cbb791f5b72b4678a96

PODFILE CHECKSUM: ed60d167b06d24f89aa556409ae856e63c9c4416

COCOAPODS: 1.8.4
